
Microsoft Visual Studio Solution File, Format Version 12.00
# Visual Studio Version 16
VisualStudioVersion = 25.0.1704.0
MinimumVisualStudioVersion = 10.0.40219.1
Project("{FAE04EC0-301F-11D3-BF4B-00C04F79EFBC}") = "LetsComposteIt", "LetsComposteIt.csproj", "{5B7DF345-84EF-4382-AE10-718145DD513C}"
EndProject
Global
	GlobalSection(SolutionConfigurationPlatforms) = preSolution
		Debug|Any CPU = Debug|Any CPU
		Release|Any CPU = Release|Any CPU
	EndGlobalSection
	GlobalSection(ProjectConfigurationPlatforms) = postSolution
		{5B7DF345-84EF-4382-AE10-718145DD513C}.Debug|Any CPU.ActiveCfg = Debug|Any CPU
		{5B7DF345-84EF-4382-AE10-718145DD513C}.Debug|Any CPU.Build.0 = Debug|Any CPU
		{5B7DF345-84EF-4382-AE10-718145DD513C}.Release|Any CPU.ActiveCfg = Release|Any CPU
		{5B7DF345-84EF-4382-AE10-718145DD513C}.Release|Any CPU.Build.0 = Release|Any CPU
	EndGlobalSection
	GlobalSection(SolutionProperties) = preSolution
		HideSolutionNode = FALSE
	EndGlobalSection
	GlobalSection(ExtensibilityGlobals) = postSolution
		SolutionGuid = {226E3C78-C0FD-437C-A60B-89719C8743BF}
	EndGlobalSection
EndGlobal
